
Microsoft Visual Studio Solution File, Format Version 12.00
# Visual Studio Version 17
VisualStudioVersion = 17.9.34728.123
MinimumVisualStudioVersion = 10.0.40219.1
Project("{9A19103F-16F7-4668-BE54-9A1E7A4F7556}") = "Repository", "DataAccess\Repository.csproj", "{FD1E524B-8ED7-4B83-B756-5835D87888B4}"
EndProject
Project("{9A19103F-16F7-4668-BE54-9A1E7A4F7556}") = "BusinessObject", "BusinessObject\BusinessObject.csproj", "{4724A7A6-8411-498C-95AC-70B7CA43B56F}"
EndProject
Project("{9A19103F-16F7-4668-BE54-9A1E7A4F7556}") = "ProjectPRN231_API", "ProjectPRN231_API\ProjectPRN231_API.csproj", "{7C22DC59-1359-49E7-A3C4-6064F9DF3C70}"
EndProject
Project("{9A19103F-16F7-4668-BE54-9A1E7A4F7556}") = "Service", "Repository\Service.csproj", "{2D6BE6C4-3E7F-4012-979A-41E82A05677B}"
EndProject
Project("{FAE04EC0-301F-11D3-BF4B-00C04F79EFBC}") = "ProjectPRN231_MVC", "ProjectPRN231_MVC\ProjectPRN231_MVC.csproj", "{ABA380C7-9BE8-4A37-B37E-32E5981F6E27}"
EndProject
Global
	GlobalSection(SolutionConfigurationPlatforms) = preSolution
		Debug|Any CPU = Debug|Any CPU
		Release|Any CPU = Release|Any CPU
	EndGlobalSection
	GlobalSection(ProjectConfigurationPlatforms) = postSolution
		{FD1E524B-8ED7-4B83-B756-5835D87888B4}.Debug|Any CPU.ActiveCfg = Debug|Any CPU
		{FD1E524B-8ED7-4B83-B756-5835D87888B4}.Debug|Any CPU.Build.0 = Debug|Any CPU
		{FD1E524B-8ED7-4B83-B756-5835D87888B4}.Release|Any CPU.ActiveCfg = Release|Any CPU
		{FD1E524B-8ED7-4B83-B756-5835D87888B4}.Release|Any CPU.Build.0 = Release|Any CPU
		{4724A7A6-8411-498C-95AC-70B7CA43B56F}.Debug|Any CPU.ActiveCfg = Debug|Any CPU
		{4724A7A6-8411-498C-95AC-70B7CA43B56F}.Debug|Any CPU.Build.0 = Debug|Any CPU
		{4724A7A6-8411-498C-95AC-70B7CA43B56F}.Release|Any CPU.ActiveCfg = Release|Any CPU
		{4724A7A6-8411-498C-95AC-70B7CA43B56F}.Release|Any CPU.Build.0 = Release|Any CPU
		{7C22DC59-1359-49E7-A3C4-6064F9DF3C70}.Debug|Any CPU.ActiveCfg = Debug|Any CPU
		{7C22DC59-1359-49E7-A3C4-6064F9DF3C70}.Debug|Any CPU.Build.0 = Debug|Any CPU
		{7C22DC59-1359-49E7-A3C4-6064F9DF3C70}.Release|Any CPU.ActiveCfg = Release|Any CPU
		{7C22DC59-1359-49E7-A3C4-6064F9DF3C70}.Release|Any CPU.Build.0 = Release|Any CPU
		{2D6BE6C4-3E7F-4012-979A-41E82A05677B}.Debug|Any CPU.ActiveCfg = Debug|Any CPU
		{2D6BE6C4-3E7F-4012-979A-41E82A05677B}.Debug|Any CPU.Build.0 = Debug|Any CPU
		{2D6BE6C4-3E7F-4012-979A-41E82A05677B}.Release|Any CPU.ActiveCfg = Release|Any CPU
		{2D6BE6C4-3E7F-4012-979A-41E82A05677B}.Release|Any CPU.Build.0 = Release|Any CPU
		{ABA380C7-9BE8-4A37-B37E-32E5981F6E27}.Debug|Any CPU.ActiveCfg = Debug|Any CPU
		{ABA380C7-9BE8-4A37-B37E-32E5981F6E27}.Debug|Any CPU.Build.0 = Debug|Any CPU
		{ABA380C7-9BE8-4A37-B37E-32E5981F6E27}.Release|Any CPU.ActiveCfg = Release|Any CPU
		{ABA380C7-9BE8-4A37-B37E-32E5981F6E27}.Release|Any CPU.Build.0 = Release|Any CPU
	EndGlobalSection
	GlobalSection(SolutionProperties) = preSolution
		HideSolutionNode = FALSE
	EndGlobalSection
	GlobalSection(ExtensibilityGlobals) = postSolution
		SolutionGuid = {E6B9CD1A-8523-4434-AABA-39FCDD32CE8E}
	EndGlobalSection
EndGlobal
